{
    "_readme": [
        "This file locks the dependencies of your project to a known state",
        "Read more about it at https://getcomposer.org/doc/01-basic-usage.md#installing-dependencies",
        "This file is @generated automatically"
    ],
    "content-hash": "bc345b9ad57608442c9deac91bcc2fd9",
    "packages": [
        {
            "name": "sybio/gif-frame-extractor",
            "version": "1.0.0",
            "source": {
                "type": "git",
                "url": "https://github.com/Sybio/GifFrameExtractor.git",
                "reference": "13e9880add3ae9cca10a48a0a3897fe3d0069f71"
            },
            "dist": {
                "type": "zip",
                "url": "https://api.github.com/repos/Sybio/GifFrameExtractor/zipball/13e9880add3ae9cca10a48a0a3897fe3d0069f71",
                "reference": "13e9880add3ae9cca10a48a0a3897fe3d0069f71",
                "shasum": ""
            },
            "require": {
                "php": ">=5.3.0"
            },
            "type": "library",
            "autoload": {
                "psr-0": {
                    "GifFrameExtractor": "src"
                }
            },
            "notification-url": "https://packagist.org/downloads/",
            "license": [
                "MIT"
            ],
            "authors": [
                {
                    "name": "Clément Guillemain",
                    "homepage": "http://clementguillemain.fr",
                    "role": "Developer / Freelancer"
                }
            ],
            "description": "PHP class that separates all the frames (and their duration) of an animated GIF",
            "homepage": "https://github.com/Sybio/GifFrameExtractor",
            "keywords": [
                "animated",
                "duration",
                "frame",
                "gif",
                "php",
                "separate",
                "time"
            ],
            "support": {
                "issues": "https://github.com/Sybio/GifFrameExtractor/issues",
                "source": "https://github.com/Sybio/GifFrameExtractor/tree/master"
            },
            "time": "2012-10-13T09:06:51+00:00"
        }
    ],
    "packages-dev": [],
    "aliases": [],
    "minimum-stability": "stable",
    "stability-flags": [],
    "prefer-stable": false,
    "prefer-lowest": false,
    "platform": [],
    "platform-dev": [],
    "plugin-api-version": "2.1.0"
}
