{
    "_readme": [
        "This file locks the dependencies of your project to a known state",
        "Read more about it at https://getcomposer.org/doc/01-basic-usage.md#installing-dependencies",
        "This file is @generated automatically"
    ],
    "content-hash": "49c2feab6ef97fc361577da69dd5f3a8",
    "packages": [
        {
            "name": "hzswdef/gif-frame-extractor",
            "version": "1.1.0",
            "source": {
                "type": "git",
                "url": "https://github.com/hzswdef/GifFrameExtractor.git",
                "reference": "7ece83371b90ff31307d32b87a50122fd42d1a06"
            },
            "dist": {
                "type": "zip",
                "url": "https://api.github.com/repos/hzswdef/GifFrameExtractor/zipball/7ece83371b90ff31307d32b87a50122fd42d1a06",
                "reference": "7ece83371b90ff31307d32b87a50122fd42d1a06",
                "shasum": ""
            },
            "require": {
                "php": ">=5.3.0"
            },
            "type": "library",
            "autoload": {
                "psr-0": {
                    "GifFrameExtractor": "src"
                }
            },
            "notification-url": "https://packagist.org/downloads/",
            "license": [
                "MIT"
            ],
            "authors": [
                {
                    "name": "Clément Guillemain",
                    "homepage": "http://clementguillemain.fr",
                    "role": "Developer / Freelancer"
                },
                {
                    "name": "Renato Formato",
                    "homepage": "https://github.com/rformato",
                    "role": "Create a pull request #8 with bugfix."
                },
                {
                    "name": "Anon",
                    "homepage": "https://github.com/hzswdef",
                    "role": "Merge pull #8 ;)"
                }
            ],
            "description": "PHP class that separates all the frames (and their duration) of an animated GIF",
            "homepage": "https://github.com/hzswdef/GifFrameExtractor",
            "keywords": [
                "animated",
                "duration",
                "frame",
                "gif",
                "php",
                "separate",
                "time"
            ],
            "support": {
                "source": "https://github.com/hzswdef/GifFrameExtractor/tree/1.1.0"
            },
            "time": "2022-06-29T14:07:56+00:00"
        }
    ],
    "packages-dev": [],
    "aliases": [],
    "minimum-stability": "stable",
    "stability-flags": [],
    "prefer-stable": false,
    "prefer-lowest": false,
    "platform": [],
    "platform-dev": [],
    "plugin-api-version": "2.1.0"
}
